
Microsoft Visual Studio Solution File, Format Version 12.00
# Visual Studio Version 17
VisualStudioVersion = 17.6.33829.357
MinimumVisualStudioVersion = 10.0.40219.1
Project("{9A19103F-16F7-4668-BE54-9A1E7A4F7556}") = "linq-slideviews", "linq-slideviews.csproj", "{611E60BB-85C3-4238-8938-89313FEC750E}"
EndProject
Global
	GlobalSection(SolutionConfigurationPlatforms) = preSolution
		Debug|Any CPU = Debug|Any CPU
		Release|Any CPU = Release|Any CPU
	EndGlobalSection
	GlobalSection(ProjectConfigurationPlatforms) = postSolution
		{611E60BB-85C3-4238-8938-89313FEC750E}.Debug|Any CPU.ActiveCfg = Debug|Any CPU
		{611E60BB-85C3-4238-8938-89313FEC750E}.Debug|Any CPU.Build.0 = Debug|Any CPU
		{611E60BB-85C3-4238-8938-89313FEC750E}.Release|Any CPU.ActiveCfg = Release|Any CPU
		{611E60BB-85C3-4238-8938-89313FEC750E}.Release|Any CPU.Build.0 = Release|Any CPU
	EndGlobalSection
	GlobalSection(SolutionProperties) = preSolution
		HideSolutionNode = FALSE
	EndGlobalSection
	GlobalSection(ExtensibilityGlobals) = postSolution
		SolutionGuid = {F7287C5D-FADA-4586-8F1D-C99B315C9242}
	EndGlobalSection
EndGlobal
